
Microsoft Visual Studio Solution File, Format Version 12.00
# Visual Studio Version 17
VisualStudioVersion = 17.14.36121.58 d17.14
MinimumVisualStudioVersion = 10.0.40219.1
Project("{8BC9CEB8-8B4A-11D0-8D11-00A0C91BC942}") = "ch2_q2", "ch2_q2.vcxproj", "{7976772F-CBE2-4F58-934E-A20DB1E5528A}"
EndProject
Global
	GlobalSection(SolutionConfigurationPlatforms) = preSolution
		Debug|x64 = Debug|x64
		Debug|x86 = Debug|x86
		Release|x64 = Release|x64
		Release|x86 = Release|x86
	EndGlobalSection
	GlobalSection(ProjectConfigurationPlatforms) = postSolution
		{7976772F-CBE2-4F58-934E-A20DB1E5528A}.Debug|x64.ActiveCfg = Debug|x64
		{7976772F-CBE2-4F58-934E-A20DB1E5528A}.Debug|x64.Build.0 = Debug|x64
		{7976772F-CBE2-4F58-934E-A20DB1E5528A}.Debug|x86.ActiveCfg = Debug|Win32
		{7976772F-CBE2-4F58-934E-A20DB1E5528A}.Debug|x86.Build.0 = Debug|Win32
		{7976772F-CBE2-4F58-934E-A20DB1E5528A}.Release|x64.ActiveCfg = Release|x64
		{7976772F-CBE2-4F58-934E-A20DB1E5528A}.Release|x64.Build.0 = Release|x64
		{7976772F-CBE2-4F58-934E-A20DB1E5528A}.Release|x86.ActiveCfg = Release|Win32
		{7976772F-CBE2-4F58-934E-A20DB1E5528A}.Release|x86.Build.0 = Release|Win32
	EndGlobalSection
	GlobalSection(SolutionProperties) = preSolution
		HideSolutionNode = FALSE
	EndGlobalSection
	GlobalSection(ExtensibilityGlobals) = postSolution
		SolutionGuid = {7DA090CC-4944-4691-A93D-3D25654B2074}
	EndGlobalSection
EndGlobal
