
Microsoft Visual Studio Solution File, Format Version 12.00
# Visual Studio Version 17
VisualStudioVersion = 17.14.36202.13 d17.14
MinimumVisualStudioVersion = 10.0.40219.1
Project("{8BC9CEB8-8B4A-11D0-8D11-00A0C91BC942}") = "q7", "q7.vcxproj", "{F4D1CC71-9EA0-4C5D-B7FA-E00E0CEA3708}"
EndProject
Global
	GlobalSection(SolutionConfigurationPlatforms) = preSolution
		Debug|x64 = Debug|x64
		Debug|x86 = Debug|x86
		Release|x64 = Release|x64
		Release|x86 = Release|x86
	EndGlobalSection
	GlobalSection(ProjectConfigurationPlatforms) = postSolution
		{F4D1CC71-9EA0-4C5D-B7FA-E00E0CEA3708}.Debug|x64.ActiveCfg = Debug|x64
		{F4D1CC71-9EA0-4C5D-B7FA-E00E0CEA3708}.Debug|x64.Build.0 = Debug|x64
		{F4D1CC71-9EA0-4C5D-B7FA-E00E0CEA3708}.Debug|x86.ActiveCfg = Debug|Win32
		{F4D1CC71-9EA0-4C5D-B7FA-E00E0CEA3708}.Debug|x86.Build.0 = Debug|Win32
		{F4D1CC71-9EA0-4C5D-B7FA-E00E0CEA3708}.Release|x64.ActiveCfg = Release|x64
		{F4D1CC71-9EA0-4C5D-B7FA-E00E0CEA3708}.Release|x64.Build.0 = Release|x64
		{F4D1CC71-9EA0-4C5D-B7FA-E00E0CEA3708}.Release|x86.ActiveCfg = Release|Win32
		{F4D1CC71-9EA0-4C5D-B7FA-E00E0CEA3708}.Release|x86.Build.0 = Release|Win32
	EndGlobalSection
	GlobalSection(SolutionProperties) = preSolution
		HideSolutionNode = FALSE
	EndGlobalSection
	GlobalSection(ExtensibilityGlobals) = postSolution
		SolutionGuid = {D25EF260-3D7F-44B5-912B-4DB1BFD0CF04}
	EndGlobalSection
EndGlobal
